
Microsoft Visual Studio Solution File, Format Version 12.00
# Visual Studio Version 17
VisualStudioVersion = 17.5.33516.290
MinimumVisualStudioVersion = 10.0.40219.1
Project("{FAE04EC0-301F-11D3-BF4B-00C04F79EFBC}") = "Prototype", "Prototype.csproj", "{076B5330-68CA-4811-AFF4-5D136F5B8EB7}"
EndProject
Project("{9A19103F-16F7-4668-BE54-9A1E7A4F7556}") = "testGround", "..\testGround\testGround.csproj", "{5813A475-F033-4091-A7E3-3EE3BACB9E6B}"
EndProject
Global
	GlobalSection(SolutionConfigurationPlatforms) = preSolution
		Debug|Any CPU = Debug|Any CPU
		Debug|ARM = Debug|ARM
		Debug|ARM64 = Debug|ARM64
		Debug|x64 = Debug|x64
		Debug|x86 = Debug|x86
		Release|Any CPU = Release|Any CPU
		Release|ARM = Release|ARM
		Release|ARM64 = Release|ARM64
		Release|x64 = Release|x64
		Release|x86 = Release|x86
	EndGlobalSection
	GlobalSection(ProjectConfigurationPlatforms) = postSolution
		{076B5330-68CA-4811-AFF4-5D136F5B8EB7}.Debug|Any CPU.ActiveCfg = Debug|Any CPU
		{076B5330-68CA-4811-AFF4-5D136F5B8EB7}.Debug|Any CPU.Build.0 = Debug|Any CPU
		{076B5330-68CA-4811-AFF4-5D136F5B8EB7}.Debug|ARM.ActiveCfg = Debug|ARM
		{076B5330-68CA-4811-AFF4-5D136F5B8EB7}.Debug|ARM.Build.0 = Debug|ARM
		{076B5330-68CA-4811-AFF4-5D136F5B8EB7}.Debug|ARM64.ActiveCfg = Debug|ARM64
		{076B5330-68CA-4811-AFF4-5D136F5B8EB7}.Debug|ARM64.Build.0 = Debug|ARM64
		{076B5330-68CA-4811-AFF4-5D136F5B8EB7}.Debug|x64.ActiveCfg = Debug|x64
		{076B5330-68CA-4811-AFF4-5D136F5B8EB7}.Debug|x64.Build.0 = Debug|x64
		{076B5330-68CA-4811-AFF4-5D136F5B8EB7}.Debug|x86.ActiveCfg = Debug|x86
		{076B5330-68CA-4811-AFF4-5D136F5B8EB7}.Debug|x86.Build.0 = Debug|x86
		{076B5330-68CA-4811-AFF4-5D136F5B8EB7}.Release|Any CPU.ActiveCfg = Release|Any CPU
		{076B5330-68CA-4811-AFF4-5D136F5B8EB7}.Release|Any CPU.Build.0 = Release|Any CPU
		{076B5330-68CA-4811-AFF4-5D136F5B8EB7}.Release|ARM.ActiveCfg = Release|ARM
		{076B5330-68CA-4811-AFF4-5D136F5B8EB7}.Release|ARM.Build.0 = Release|ARM
		{076B5330-68CA-4811-AFF4-5D136F5B8EB7}.Release|ARM64.ActiveCfg = Release|ARM64
		{076B5330-68CA-4811-AFF4-5D136F5B8EB7}.Release|ARM64.Build.0 = Release|ARM64
		{076B5330-68CA-4811-AFF4-5D136F5B8EB7}.Release|x64.ActiveCfg = Release|x64
		{076B5330-68CA-4811-AFF4-5D136F5B8EB7}.Release|x64.Build.0 = Release|x64
		{076B5330-68CA-4811-AFF4-5D136F5B8EB7}.Release|x86.ActiveCfg = Release|x86
		{076B5330-68CA-4811-AFF4-5D136F5B8EB7}.Release|x86.Build.0 = Release|x86
		{5813A475-F033-4091-A7E3-3EE3BACB9E6B}.Debug|Any CPU.ActiveCfg = Debug|Any CPU
		{5813A475-F033-4091-A7E3-3EE3BACB9E6B}.Debug|Any CPU.Build.0 = Debug|Any CPU
		{5813A475-F033-4091-A7E3-3EE3BACB9E6B}.Debug|ARM.ActiveCfg = Debug|Any CPU
		{5813A475-F033-4091-A7E3-3EE3BACB9E6B}.Debug|ARM.Build.0 = Debug|Any CPU
		{5813A475-F033-4091-A7E3-3EE3BACB9E6B}.Debug|ARM64.ActiveCfg = Debug|Any CPU
		{5813A475-F033-4091-A7E3-3EE3BACB9E6B}.Debug|ARM64.Build.0 = Debug|Any CPU
		{5813A475-F033-4091-A7E3-3EE3BACB9E6B}.Debug|x64.ActiveCfg = Debug|Any CPU
		{5813A475-F033-4091-A7E3-3EE3BACB9E6B}.Debug|x64.Build.0 = Debug|Any CPU
		{5813A475-F033-4091-A7E3-3EE3BACB9E6B}.Debug|x86.ActiveCfg = Debug|Any CPU
		{5813A475-F033-4091-A7E3-3EE3BACB9E6B}.Debug|x86.Build.0 = Debug|Any CPU
		{5813A475-F033-4091-A7E3-3EE3BACB9E6B}.Release|Any CPU.ActiveCfg = Release|Any CPU
		{5813A475-F033-4091-A7E3-3EE3BACB9E6B}.Release|Any CPU.Build.0 = Release|Any CPU
		{5813A475-F033-4091-A7E3-3EE3BACB9E6B}.Release|ARM.ActiveCfg = Release|Any CPU
		{5813A475-F033-4091-A7E3-3EE3BACB9E6B}.Release|ARM.Build.0 = Release|Any CPU
		{5813A475-F033-4091-A7E3-3EE3BACB9E6B}.Release|ARM64.ActiveCfg = Release|Any CPU
		{5813A475-F033-4091-A7E3-3EE3BACB9E6B}.Release|ARM64.Build.0 = Release|Any CPU
		{5813A475-F033-4091-A7E3-3EE3BACB9E6B}.Release|x64.ActiveCfg = Release|Any CPU
		{5813A475-F033-4091-A7E3-3EE3BACB9E6B}.Release|x64.Build.0 = Release|Any CPU
		{5813A475-F033-4091-A7E3-3EE3BACB9E6B}.Release|x86.ActiveCfg = Release|Any CPU
		{5813A475-F033-4091-A7E3-3EE3BACB9E6B}.Release|x86.Build.0 = Release|Any CPU
	EndGlobalSection
	GlobalSection(SolutionProperties) = preSolution
		HideSolutionNode = FALSE
	EndGlobalSection
	GlobalSection(ExtensibilityGlobals) = postSolution
		SolutionGuid = {DB65E6A1-8648-4DAF-8817-52352C1FC069}
	EndGlobalSection
EndGlobal
