# This file is automatically @generated by Poetry 1.7.1 and should not be changed by hand.

[[package]]
name = "pymupdf"
version = "1.23.26"
description = "A high performance Python library for data extraction, analysis, conversion & manipulation of PDF (and other) documents."
optional = false
python-versions = ">=3.8"
files = [
    {file = "PyMuPDF-1.23.26-cp310-none-macosx_10_9_x86_64.whl", hash = "sha256:645a05321aecc8c45739f71f0eb574ce33138d19189582ffa5241fea3a8e2549"},
    {file = "PyMuPDF-1.23.26-cp310-none-macosx_11_0_arm64.whl", hash = "sha256:2dfc9e010669ae92fade6fb72aaea49ebe3b8dcd7ee4dcbbe50115abcaa4d3fe"},
    {file = "PyMuPDF-1.23.26-cp310-none-manylinux2014_aarch64.whl", hash = "sha256:734ee380b3abd038602be79114194a3cb74ac102b7c943bcb333104575922c50"},
    {file = "PyMuPDF-1.23.26-cp310-none-manylinux2014_x86_64.whl", hash = "sha256:b22f8d854f8196ad5b20308c1cebad3d5189ed9f0988acbafa043947ea7e6c55"},
    {file = "PyMuPDF-1.23.26-cp310-none-win32.whl", hash = "sha256:cc0f794e3466bc96b5bf79d42fbc1551428751e3fef38ebc10ac70396b676144"},
    {file = "PyMuPDF-1.23.26-cp310-none-win_amd64.whl", hash = "sha256:2eb701247d8e685a24e45899d1175f01a3ce5fc792a4431c91fbb68633b29298"},
    {file = "PyMuPDF-1.23.26-cp311-none-macosx_10_9_x86_64.whl", hash = "sha256:e2804a64bb57da414781e312fb0561f6be67658ad57ed4a73dce008b23fc70a6"},
    {file = "PyMuPDF-1.23.26-cp311-none-macosx_11_0_arm64.whl", hash = "sha256:97b40bb22e3056874634617a90e0ed24a5172cf71791b9e25d1d91c6743bc567"},
    {file = "PyMuPDF-1.23.26-cp311-none-manylinux2014_aarch64.whl", hash = "sha256:fab8833559bc47ab26ce736f915b8fc1dd37c108049b90396f7cd5e1004d7593"},
    {file = "PyMuPDF-1.23.26-cp311-none-manylinux2014_x86_64.whl", hash = "sha256:f25aafd3e7fb9d7761a22acf2b67d704f04cc36d4dc33a3773f0eb3f4ec3606f"},
    {file = "PyMuPDF-1.23.26-cp311-none-win32.whl", hash = "sha256:05e672ed3e82caca7ef02a88ace30130b1dd392a1190f03b2b58ffe7aa331400"},
    {file = "PyMuPDF-1.23.26-cp311-none-win_amd64.whl", hash = "sha256:92b3c4dd4d0491d495f333be2d41f4e1c155a409bc9d04b5ff29655dccbf4655"},
    {file = "PyMuPDF-1.23.26-cp312-none-macosx_10_9_x86_64.whl", hash = "sha256:a217689ede18cc6991b4e6a78afee8a440b3075d53b9dec4ba5ef7487d4547e9"},
    {file = "PyMuPDF-1.23.26-cp312-none-macosx_11_0_arm64.whl", hash = "sha256:42ad2b819b90ce1947e11b90ec5085889df0a2e3aa0207bc97ecacfc6157cabc"},
    {file = "PyMuPDF-1.23.26-cp312-none-manylinux2014_aarch64.whl", hash = "sha256:99607649f89a02bba7d8ebe96e2410664316adc95e9337f7dfeff6a154f93049"},
    {file = "PyMuPDF-1.23.26-cp312-none-manylinux2014_x86_64.whl", hash = "sha256:bb42d4b8407b4de7cb58c28f01449f16f32a6daed88afb41108f1aeb3552bdd4"},
    {file = "PyMuPDF-1.23.26-cp312-none-win32.whl", hash = "sha256:c40d044411615e6f0baa7d3d933b3032cf97e168c7fa77d1be8a46008c109aee"},
    {file = "PyMuPDF-1.23.26-cp312-none-win_amd64.whl", hash = "sha256:3f876533aa7f9a94bcd9a0225ce72571b7808260903fec1d95c120bc842fb52d"},
    {file = "PyMuPDF-1.23.26-cp38-none-macosx_10_9_x86_64.whl", hash = "sha256:52df831d46beb9ff494f5fba3e5d069af6d81f49abf6b6e799ee01f4f8fa6799"},
    {file = "PyMuPDF-1.23.26-cp38-none-macosx_11_0_arm64.whl", hash = "sha256:0bbb0cf6593e53524f3fc26fb5e6ead17c02c64791caec7c4afe61b677dedf80"},
    {file = "PyMuPDF-1.23.26-cp38-none-manylinux2014_aarch64.whl", hash = "sha256:5ef4360f20015673c20cf59b7e19afc97168795188c584254ed3778cde43ce77"},
    {file = "PyMuPDF-1.23.26-cp38-none-manylinux2014_x86_64.whl", hash = "sha256:d7cd88842b2e7f4c71eef4d87c98c35646b80b60e6375392d7ce40e519261f59"},
    {file = "PyMuPDF-1.23.26-cp38-none-win32.whl", hash = "sha256:6577e2f473625e2d0df5f5a3bf1e4519e94ae749733cc9937994d1b256687bfa"},
    {file = "PyMuPDF-1.23.26-cp38-none-win_amd64.whl", hash = "sha256:fbe1a3255b2cd0d769b2da2c4efdd0c0f30d4961a1aac02c0f75cf951b337aa4"},
    {file = "PyMuPDF-1.23.26-cp39-none-macosx_10_9_x86_64.whl", hash = "sha256:73fce034f2afea886a59ead2d0caedf27e2b2a8558b5da16d0286882e0b1eb82"},
    {file = "PyMuPDF-1.23.26-cp39-none-macosx_11_0_arm64.whl", hash = "sha256:b3de8618b7cb5b36db611083840b3bcf09b11a893e2d8262f4e042102c7e65de"},
    {file = "PyMuPDF-1.23.26-cp39-none-manylinux2014_aarch64.whl", hash = "sha256:879e7f5ad35709d8760ab6103c3d5dac8ab8043a856ab3653fd324af7358ee87"},
    {file = "PyMuPDF-1.23.26-cp39-none-manylinux2014_x86_64.whl", hash = "sha256:deee96c2fd415ded7b5070d8d5b2c60679aee6ed0e28ac0d2cb998060d835c2c"},
    {file = "PyMuPDF-1.23.26-cp39-none-win32.whl", hash = "sha256:9f7f4ef99dd8ac97fb0b852efa3dcbee515798078b6c79a6a13c7b1e7c5d41a4"},
    {file = "PyMuPDF-1.23.26-cp39-none-win_amd64.whl", hash = "sha256:ba9a54552c7afb9ec85432c765e2fa9a81413acfaa7d70db7c9b528297749e5b"},
    {file = "PyMuPDF-1.23.26.tar.gz", hash = "sha256:a904261b317b761b0aa2bd2c1f6cd25d25aa4258be67a90c02a878efc5dca649"},
]

[package.dependencies]
PyMuPDFb = "1.23.22"

[[package]]
name = "pymupdfb"
version = "1.23.22"
description = "MuPDF shared libraries for PyMuPDF."
optional = false
python-versions = ">=3.8"
files = [
    {file = "PyMuPDFb-1.23.22-py3-none-macosx_10_9_x86_64.whl", hash = "sha256:9085a1e2fbf16f2820f9f7ad3d25e85f81d9b9eb0409110c1670d4cf5a27a678"},
    {file = "PyMuPDFb-1.23.22-py3-none-macosx_11_0_arm64.whl", hash = "sha256:01016dd33220cef4ecaf929d09fd27a584dc3ec3e5c9f4112dfe63613ea35135"},
    {file = "PyMuPDFb-1.23.22-py3-none-manylinux2014_aarch64.manylinux_2_17_aarch64.whl", hash = "sha256:cf50e814db91f2a2325219302fbac229a23682c372cf8232aabd51ea3f18210e"},
    {file = "PyMuPDFb-1.23.22-py3-none-manylinux2014_x86_64.manylinux_2_17_x86_64.whl", hash = "sha256:3ffa713ad18e816e584c8a5f569995c32d22f8ac76ab6e4a61f2d2983c4b73d9"},
    {file = "PyMuPDFb-1.23.22-py3-none-win32.whl", hash = "sha256:d00e372452845aea624659c302d25e935052269fd3aafe26948301576d6f2ee8"},
    {file = "PyMuPDFb-1.23.22-py3-none-win_amd64.whl", hash = "sha256:7c9c157281fdee9f296e666a323307dbf74cb38f017921bb131fa7bfcd39c2bd"},
]

[[package]]
name = "pypdf2"
version = "3.0.1"
description = "A pure-python PDF library capable of splitting, merging, cropping, and transforming PDF files"
optional = false
python-versions = ">=3.6"
files = [
    {file = "PyPDF2-3.0.1.tar.gz", hash = "sha256:a74408f69ba6271f71b9352ef4ed03dc53a31aa404d29b5d31f53bfecfee1440"},
    {file = "pypdf2-3.0.1-py3-none-any.whl", hash = "sha256:d16e4205cfee272fbdc0568b68d82be796540b1537508cef59388f839c191928"},
]

[package.extras]
crypto = ["PyCryptodome"]
dev = ["black", "flit", "pip-tools", "pre-commit (<2.18.0)", "pytest-cov", "wheel"]
docs = ["myst_parser", "sphinx", "sphinx_rtd_theme"]
full = ["Pillow", "PyCryptodome"]
image = ["Pillow"]

[metadata]
lock-version = "2.0"
python-versions = "^3.12"
content-hash = "cee9b8139be5443496526968f5ee11ea85a2deebc9078a480d1c60b46b7e40e2"
